[[package]]
category = "dev"
description = "A small Python module for determining appropriate platform-specific dirs, e.g. a \"user data dir\"."
name = "appdirs"
optional = false
python-versions = "*"
version = "1.4.4"

[[package]]
category = "dev"
description = "Disable App Nap on OS X 10.9"
marker = "python_version >= \"3.4\" and sys_platform == \"darwin\""
name = "appnope"
optional = false
python-versions = "*"
version = "0.1.0"

[[package]]
category = "dev"
description = "Atomic file writes."
marker = "sys_platform == \"win32\""
name = "atomicwrites"
optional = false
python-versions = ">=2.7, !=3.0.*, !=3.1.*, !=3.2.*, !=3.3.*"
version = "1.4.0"

[[package]]
category = "main"
description = "Classes Without Boilerplate"
name = "attrs"
optional = false
python-versions = ">=2.7, !=3.0.*, !=3.1.*, !=3.2.*, !=3.3.*"
version = "20.2.0"

[package.extras]
dev = ["coverage (>=5.0.2)", "hypothesis", "pympler", "pytest (>=4.3.0)", "six", "zope.interface", "sphinx", "sphinx-rtd-theme", "pre-commit"]
docs = ["sphinx", "sphinx-rtd-theme", "zope.interface"]
tests = ["coverage (>=5.0.2)", "hypothesis", "pympler", "pytest (>=4.3.0)", "six", "zope.interface"]
tests_no_zope = ["coverage (>=5.0.2)", "hypothesis", "pympler", "pytest (>=4.3.0)", "six"]

[[package]]
category = "dev"
description = "Specifications for callback functions passed in to an API"
marker = "python_version >= \"3.4\""
name = "backcall"
optional = false
python-versions = "*"
version = "0.2.0"

[[package]]
category = "dev"
description = "The uncompromising code formatter."
name = "black"
optional = false
python-versions = ">=3.6"
version = "20.8b1"

[package.dependencies]
appdirs = "*"
click = ">=7.1.2"
mypy-extensions = ">=0.4.3"
pathspec = ">=0.6,<1"
regex = ">=2020.1.8"
toml = ">=0.10.1"
typed-ast = ">=1.4.0"
typing-extensions = ">=3.7.4"

[package.dependencies.dataclasses]
python = "<3.7"
version = ">=0.6"

[package.extras]
colorama = ["colorama (>=0.4.3)"]
d = ["aiohttp (>=3.3.2)", "aiohttp-cors"]

[[package]]
category = "main"
description = "When they're not builtins, they're boltons."
name = "boltons"
optional = false
python-versions = "*"
version = "20.2.1"

[[package]]
category = "dev"
description = "Composable command line interface toolkit"
name = "click"
optional = false
python-versions = ">=2.7, !=3.0.*, !=3.1.*, !=3.2.*, !=3.3.*, !=3.4.*"
version = "7.1.2"

[[package]]
category = "dev"
description = "Cross-platform colored terminal text."
marker = "python_version >= \"3.4\" and sys_platform == \"win32\" or sys_platform == \"win32\""
name = "colorama"
optional = false
python-versions = ">=2.7, !=3.0.*, !=3.1.*, !=3.2.*, !=3.3.*, !=3.4.*"
version = "0.4.3"

[[package]]
category = "main"
description = "A backport of the dataclasses module for Python 3.6"
marker = "python_version < \"3.7\""
name = "dataclasses"
optional = false
python-versions = "*"
version = "0.6"

[[package]]
category = "dev"
description = "Decorators for Humans"
marker = "python_version >= \"3.4\""
name = "decorator"
optional = false
python-versions = ">=2.6, !=3.0.*, !=3.1.*"
version = "4.4.2"

[[package]]
category = "dev"
description = "colorful TAB completion for Python prompt"
name = "fancycompleter"
optional = false
python-versions = "*"
version = "0.9.1"

[package.dependencies]
pyreadline = "*"
pyrepl = ">=0.8.2"

[[package]]
category = "dev"
description = "Read metadata from Python packages"
marker = "python_version < \"3.8\""
name = "importlib-metadata"
optional = false
python-versions = "!=3.0.*,!=3.1.*,!=3.2.*,!=3.3.*,!=3.4.*,>=2.7"
version = "1.7.0"

[package.dependencies]
zipp = ">=0.5"

[package.extras]
docs = ["sphinx", "rst.linker"]
testing = ["packaging", "pep517", "importlib-resources (>=1.3)"]

[[package]]
category = "dev"
description = "iniconfig: brain-dead simple config-ini parsing"
name = "iniconfig"
optional = false
python-versions = "*"
version = "1.0.1"

[[package]]
category = "dev"
description = "IPython-enabled pdb"
name = "ipdb"
optional = false
python-versions = ">=2.7"
version = "0.13.3"

[package.dependencies]
setuptools = "*"

[package.dependencies.ipython]
python = ">=3.4"
version = ">=5.1.0"

[[package]]
category = "dev"
description = "IPython: Productive Interactive Computing"
marker = "python_version >= \"3.4\""
name = "ipython"
optional = false
python-versions = ">=3.6"
version = "7.16.1"

[package.dependencies]
appnope = "*"
backcall = "*"
colorama = "*"
decorator = "*"
jedi = ">=0.10"
pexpect = "*"
pickleshare = "*"
prompt-toolkit = ">=2.0.0,<3.0.0 || >3.0.0,<3.0.1 || >3.0.1,<3.1.0"
pygments = "*"
setuptools = ">=18.5"
traitlets = ">=4.2"

[package.extras]
all = ["Sphinx (>=1.3)", "ipykernel", "ipyparallel", "ipywidgets", "nbconvert", "nbformat", "nose (>=0.10.1)", "notebook", "numpy (>=1.14)", "pygments", "qtconsole", "requests", "testpath"]
doc = ["Sphinx (>=1.3)"]
kernel = ["ipykernel"]
nbconvert = ["nbconvert"]
nbformat = ["nbformat"]
notebook = ["notebook", "ipywidgets"]
parallel = ["ipyparallel"]
qtconsole = ["qtconsole"]
test = ["nose (>=0.10.1)", "requests", "testpath", "pygments", "nbformat", "ipykernel", "numpy (>=1.14)"]

[[package]]
category = "dev"
description = "Vestigial utilities from IPython"
marker = "python_version >= \"3.4\""
name = "ipython-genutils"
optional = false
python-versions = "*"
version = "0.2.0"

[[package]]
category = "dev"
description = "An autocompletion tool for Python that can be used for text editors."
marker = "python_version >= \"3.4\""
name = "jedi"
optional = false
python-versions = ">=2.7, !=3.0.*, !=3.1.*, !=3.2.*, !=3.3.*, !=3.4.*"
version = "0.17.2"

[package.dependencies]
parso = ">=0.7.0,<0.8.0"

[package.extras]
qa = ["flake8 (3.7.9)"]
testing = ["Django (<3.1)", "colorama", "docopt", "pytest (>=3.9.0,<5.0.0)"]

[[package]]
category = "dev"
description = "More routines for operating on iterables, beyond itertools"
name = "more-itertools"
optional = false
python-versions = ">=3.5"
version = "8.5.0"

[[package]]
category = "dev"
description = "Experimental type system extensions for programs checked with the mypy typechecker."
name = "mypy-extensions"
optional = false
python-versions = "*"
version = "0.4.3"

[[package]]
category = "dev"
description = "Core utilities for Python packages"
name = "packaging"
optional = false
python-versions = ">=2.7, !=3.0.*, !=3.1.*, !=3.2.*, !=3.3.*"
version = "20.4"

[package.dependencies]
pyparsing = ">=2.0.2"
six = "*"

[[package]]
category = "dev"
description = "A Python Parser"
marker = "python_version >= \"3.4\""
name = "parso"
optional = false
python-versions = ">=2.7, !=3.0.*, !=3.1.*, !=3.2.*, !=3.3.*"
version = "0.7.1"

[package.extras]
testing = ["docopt", "pytest (>=3.0.7)"]

[[package]]
category = "dev"
description = "Utility library for gitignore style pattern matching of file paths."
name = "pathspec"
optional = false
python-versions = ">=2.7, !=3.0.*, !=3.1.*, !=3.2.*, !=3.3.*, !=3.4.*"
version = "0.8.0"

[[package]]
category = "dev"
description = "pdb++, a drop-in replacement for pdb"
name = "pdbpp"
optional = false
python-versions = "*"
version = "0.10.2"

[package.dependencies]
fancycompleter = ">=0.8"
pygments = "*"
wmctrl = "*"

[package.extras]
funcsigs = ["funcsigs"]
testing = ["funcsigs", "pytest"]

[[package]]
category = "dev"
description = "Pexpect allows easy control of interactive console applications."
marker = "python_version >= \"3.4\" and sys_platform != \"win32\""
name = "pexpect"
optional = false
python-versions = "*"
version = "4.8.0"

[package.dependencies]
ptyprocess = ">=0.5"

[[package]]
category = "dev"
description = "Tiny 'shelve'-like database with concurrency support"
marker = "python_version >= \"3.4\""
name = "pickleshare"
optional = false
python-versions = "*"
version = "0.7.5"

[[package]]
category = "dev"
description = "plugin and hook calling mechanisms for python"
name = "pluggy"
optional = false
python-versions = ">=2.7, !=3.0.*, !=3.1.*, !=3.2.*, !=3.3.*"
version = "0.13.1"

[package.dependencies]
[package.dependencies.importlib-metadata]
python = "<3.8"
version = ">=0.12"

[package.extras]
dev = ["pre-commit", "tox"]

[[package]]
category = "dev"
description = "Library for building powerful interactive command lines in Python"
marker = "python_version >= \"3.4\""
name = "prompt-toolkit"
optional = false
python-versions = ">=3.6"
version = "3.0.3"

[package.dependencies]
wcwidth = "*"

[[package]]
category = "dev"
description = "Run a subprocess in a pseudo terminal"
marker = "python_version >= \"3.4\" and sys_platform != \"win32\""
name = "ptyprocess"
optional = false
python-versions = "*"
version = "0.6.0"

[[package]]
category = "dev"
description = "library with cross-python path, ini-parsing, io, code, log facilities"
name = "py"
optional = false
python-versions = ">=2.7, !=3.0.*, !=3.1.*, !=3.2.*, !=3.3.*"
version = "1.9.0"

[[package]]
category = "dev"
description = "Pygments is a syntax highlighting package written in Python."
name = "pygments"
optional = false
python-versions = ">=3.5"
version = "2.7.0"

[[package]]
category = "dev"
description = "Python parsing module"
name = "pyparsing"
optional = false
python-versions = ">=2.6, !=3.0.*, !=3.1.*, !=3.2.*"
version = "2.4.7"

[[package]]
category = "dev"
description = "A python implmementation of GNU readline."
marker = "platform_system == \"Windows\""
name = "pyreadline"
optional = false
python-versions = "*"
version = "2.1"

[[package]]
category = "dev"
description = "A library for building flexible command line interfaces"
name = "pyrepl"
optional = false
python-versions = "*"
version = "0.9.0"

[[package]]
category = "dev"
description = "pytest: simple powerful testing with Python"
name = "pytest"
optional = false
python-versions = ">=3.5"
version = "6.0.2"

[package.dependencies]
atomicwrites = ">=1.0"
attrs = ">=17.4.0"
colorama = "*"
iniconfig = "*"
more-itertools = ">=4.0.0"
packaging = "*"
pluggy = ">=0.12,<1.0"
py = ">=1.8.2"
toml = "*"

[package.dependencies.importlib-metadata]
python = "<3.8"
version = ">=0.12"

[package.extras]
checkqa_mypy = ["mypy (0.780)"]
testing = ["argcomplete", "hypothesis (>=3.56)", "mock", "nose", "requests", "xmlschema"]

[[package]]
category = "dev"
description = "Alternative regular expression module, to replace re."
name = "regex"
optional = false
python-versions = "*"
version = "2020.7.14"

[[package]]
category = "dev"
description = "Python 2 and 3 compatibility utilities"
name = "six"
optional = false
python-versions = ">=2.7, !=3.0.*, !=3.1.*, !=3.2.*"
version = "1.15.0"

[[package]]
category = "dev"
description = "Python Library for Tom's Obvious, Minimal Language"
name = "toml"
optional = false
python-versions = "*"
version = "0.10.1"

[[package]]
category = "dev"
description = "Traitlets Python config system"
marker = "python_version >= \"3.4\""
name = "traitlets"
optional = false
python-versions = "*"
version = "4.3.3"

[package.dependencies]
decorator = "*"
ipython-genutils = "*"
six = "*"

[package.extras]
test = ["pytest", "mock"]

[[package]]
category = "dev"
description = "a fork of Python 2 and 3 ast modules with type comment support"
name = "typed-ast"
optional = false
python-versions = "*"
version = "1.4.1"

[[package]]
category = "dev"
description = "Backported and Experimental Type Hints for Python 3.5+"
name = "typing-extensions"
optional = false
python-versions = "*"
version = "3.7.4.3"

[[package]]
category = "dev"
description = "Measures the displayed width of unicode strings in a terminal"
marker = "python_version >= \"3.4\""
name = "wcwidth"
optional = false
python-versions = "*"
version = "0.2.5"

[[package]]
category = "dev"
description = "A tool to programmatically control windows inside X"
name = "wmctrl"
optional = false
python-versions = "*"
version = "0.3"

[[package]]
category = "dev"
description = "Backport of pathlib-compatible object wrapper for zip files"
marker = "python_version < \"3.8\""
name = "zipp"
optional = false
python-versions = ">=3.6"
version = "3.1.0"

[package.extras]
docs = ["sphinx", "jaraco.packaging (>=3.2)", "rst.linker (>=1.9)"]
testing = ["jaraco.itertools", "func-timeout"]

[extras]
attrs = ["attrs"]

[metadata]
content-hash = "36a462ea71c6b0dd0c1211342f4c518c64360b44e7cf1f6dc79f74fc74aec8ba"
lock-version = "1.0"
python-versions = "^3.6"

[metadata.files]
appdirs = [
    {file = "appdirs-1.4.4-py2.py3-none-any.whl", hash = "sha256:a841dacd6b99318a741b166adb07e19ee71a274450e68237b4650ca1055ab128"},
    {file = "appdirs-1.4.4.tar.gz", hash = "sha256:7d5d0167b2b1ba821647616af46a749d1c653740dd0d2415100fe26e27afdf41"},
]
appnope = [
    {file = "appnope-0.1.0-py2.py3-none-any.whl", hash = "sha256:5b26757dc6f79a3b7dc9fab95359328d5747fcb2409d331ea66d0272b90ab2a0"},
    {file = "appnope-0.1.0.tar.gz", hash = "sha256:8b995ffe925347a2138d7ac0fe77155e4311a0ea6d6da4f5128fe4b3cbe5ed71"},
]
atomicwrites = [
    {file = "atomicwrites-1.4.0-py2.py3-none-any.whl", hash = "sha256:6d1784dea7c0c8d4a5172b6c620f40b6e4cbfdf96d783691f2e1302a7b88e197"},
    {file = "atomicwrites-1.4.0.tar.gz", hash = "sha256:ae70396ad1a434f9c7046fd2dd196fc04b12f9e91ffb859164193be8b6168a7a"},
]
attrs = [
    {file = "attrs-20.2.0-py2.py3-none-any.whl", hash = "sha256:fce7fc47dfc976152e82d53ff92fa0407700c21acd20886a13777a0d20e655dc"},
    {file = "attrs-20.2.0.tar.gz", hash = "sha256:26b54ddbbb9ee1d34d5d3668dd37d6cf74990ab23c828c2888dccdceee395594"},
]
backcall = [
    {file = "backcall-0.2.0-py2.py3-none-any.whl", hash = "sha256:fbbce6a29f263178a1f7915c1940bde0ec2b2a967566fe1c65c1dfb7422bd255"},
    {file = "backcall-0.2.0.tar.gz", hash = "sha256:5cbdbf27be5e7cfadb448baf0aa95508f91f2bbc6c6437cd9cd06e2a4c215e1e"},
]
black = [
    {file = "black-20.8b1-py3-none-any.whl", hash = "sha256:70b62ef1527c950db59062cda342ea224d772abdf6adc58b86a45421bab20a6b"},
    {file = "black-20.8b1.tar.gz", hash = "sha256:1c02557aa099101b9d21496f8a914e9ed2222ef70336404eeeac8edba836fbea"},
]
boltons = [
    {file = "boltons-20.2.1-py2.py3-none-any.whl", hash = "sha256:3dd8a8e3c1886e7f7ba3422b50f55a66e1700161bf01b919d098e7d96dd2d9b6"},
    {file = "boltons-20.2.1.tar.gz", hash = "sha256:dd362291a460cc1e0c2e91cc6a60da3036ced77099b623112e8f833e6734bdc5"},
]
click = [
    {file = "click-7.1.2-py2.py3-none-any.whl", hash = "sha256:dacca89f4bfadd5de3d7489b7c8a566eee0d3676333fbb50030263894c38c0dc"},
    {file = "click-7.1.2.tar.gz", hash = "sha256:d2b5255c7c6349bc1bd1e59e08cd12acbbd63ce649f2588755783aa94dfb6b1a"},
]
colorama = [
    {file = "colorama-0.4.3-py2.py3-none-any.whl", hash = "sha256:7d73d2a99753107a36ac6b455ee49046802e59d9d076ef8e47b61499fa29afff"},
    {file = "colorama-0.4.3.tar.gz", hash = "sha256:e96da0d330793e2cb9485e9ddfd918d456036c7149416295932478192f4436a1"},
]
dataclasses = [
    {file = "dataclasses-0.6-py3-none-any.whl", hash = "sha256:454a69d788c7fda44efd71e259be79577822f5e3f53f029a22d08004e951dc9f"},
    {file = "dataclasses-0.6.tar.gz", hash = "sha256:6988bd2b895eef432d562370bb707d540f32f7360ab13da45340101bc2307d84"},
]
decorator = [
    {file = "decorator-4.4.2-py2.py3-none-any.whl", hash = "sha256:41fa54c2a0cc4ba648be4fd43cff00aedf5b9465c9bf18d64325bc225f08f760"},
    {file = "decorator-4.4.2.tar.gz", hash = "sha256:e3a62f0520172440ca0dcc823749319382e377f37f140a0b99ef45fecb84bfe7"},
]
fancycompleter = [
    {file = "fancycompleter-0.9.1-py3-none-any.whl", hash = "sha256:dd076bca7d9d524cc7f25ec8f35ef95388ffef9ef46def4d3d25e9b044ad7080"},
    {file = "fancycompleter-0.9.1.tar.gz", hash = "sha256:09e0feb8ae242abdfd7ef2ba55069a46f011814a80fe5476be48f51b00247272"},
]
importlib-metadata = [
    {file = "importlib_metadata-1.7.0-py2.py3-none-any.whl", hash = "sha256:dc15b2969b4ce36305c51eebe62d418ac7791e9a157911d58bfb1f9ccd8e2070"},
    {file = "importlib_metadata-1.7.0.tar.gz", hash = "sha256:90bb658cdbbf6d1735b6341ce708fc7024a3e14e99ffdc5783edea9f9b077f83"},
]
iniconfig = [
    {file = "iniconfig-1.0.1-py3-none-any.whl", hash = "sha256:80cf40c597eb564e86346103f609d74efce0f6b4d4f30ec8ce9e2c26411ba437"},
    {file = "iniconfig-1.0.1.tar.gz", hash = "sha256:e5f92f89355a67de0595932a6c6c02ab4afddc6fcdc0bfc5becd0d60884d3f69"},
]
ipdb = [
    {file = "ipdb-0.13.3.tar.gz", hash = "sha256:d6f46d261c45a65e65a2f7ec69288a1c511e16206edb2875e7ec6b2f66997e78"},
]
ipython = [
    {file = "ipython-7.16.1-py3-none-any.whl", hash = "sha256:2dbcc8c27ca7d3cfe4fcdff7f45b27f9a8d3edfa70ff8024a71c7a8eb5f09d64"},
    {file = "ipython-7.16.1.tar.gz", hash = "sha256:9f4fcb31d3b2c533333893b9172264e4821c1ac91839500f31bd43f2c59b3ccf"},
]
ipython-genutils = [
    {file = "ipython_genutils-0.2.0-py2.py3-none-any.whl", hash = "sha256:72dd37233799e619666c9f639a9da83c34013a73e8bbc79a7a6348d93c61fab8"},
    {file = "ipython_genutils-0.2.0.tar.gz", hash = "sha256:eb2e116e75ecef9d4d228fdc66af54269afa26ab4463042e33785b887c628ba8"},
]
jedi = [
    {file = "jedi-0.17.2-py2.py3-none-any.whl", hash = "sha256:98cc583fa0f2f8304968199b01b6b4b94f469a1f4a74c1560506ca2a211378b5"},
    {file = "jedi-0.17.2.tar.gz", hash = "sha256:86ed7d9b750603e4ba582ea8edc678657fb4007894a12bcf6f4bb97892f31d20"},
]
more-itertools = [
    {file = "more-itertools-8.5.0.tar.gz", hash = "sha256:6f83822ae94818eae2612063a5101a7311e68ae8002005b5e05f03fd74a86a20"},
    {file = "more_itertools-8.5.0-py3-none-any.whl", hash = "sha256:9b30f12df9393f0d28af9210ff8efe48d10c94f73e5daf886f10c4b0b0b4f03c"},
]
mypy-extensions = [
    {file = "mypy_extensions-0.4.3-py2.py3-none-any.whl", hash = "sha256:090fedd75945a69ae91ce1303b5824f428daf5a028d2f6ab8a299250a846f15d"},
    {file = "mypy_extensions-0.4.3.tar.gz", hash = "sha256:2d82818f5bb3e369420cb3c4060a7970edba416647068eb4c5343488a6c604a8"},
]
packaging = [
    {file = "packaging-20.4-py2.py3-none-any.whl", hash = "sha256:998416ba6962ae7fbd6596850b80e17859a5753ba17c32284f67bfff33784181"},
    {file = "packaging-20.4.tar.gz", hash = "sha256:4357f74f47b9c12db93624a82154e9b120fa8293699949152b22065d556079f8"},
]
parso = [
    {file = "parso-0.7.1-py2.py3-none-any.whl", hash = "sha256:97218d9159b2520ff45eb78028ba8b50d2bc61dcc062a9682666f2dc4bd331ea"},
    {file = "parso-0.7.1.tar.gz", hash = "sha256:caba44724b994a8a5e086460bb212abc5a8bc46951bf4a9a1210745953622eb9"},
]
pathspec = [
    {file = "pathspec-0.8.0-py2.py3-none-any.whl", hash = "sha256:7d91249d21749788d07a2d0f94147accd8f845507400749ea19c1ec9054a12b0"},
    {file = "pathspec-0.8.0.tar.gz", hash = "sha256:da45173eb3a6f2a5a487efba21f050af2b41948be6ab52b6a1e3ff22bb8b7061"},
]
pdbpp = [
    {file = "pdbpp-0.10.2.tar.gz", hash = "sha256:73ff220d5006e0ecdc3e2705d8328d8aa5ac27fef95cc06f6e42cd7d22d55eb8"},
]
pexpect = [
    {file = "pexpect-4.8.0-py2.py3-none-any.whl", hash = "sha256:0b48a55dcb3c05f3329815901ea4fc1537514d6ba867a152b581d69ae3710937"},
    {file = "pexpect-4.8.0.tar.gz", hash = "sha256:fc65a43959d153d0114afe13997d439c22823a27cefceb5ff35c2178c6784c0c"},
]
pickleshare = [
    {file = "pickleshare-0.7.5-py2.py3-none-any.whl", hash = "sha256:9649af414d74d4df115d5d718f82acb59c9d418196b7b4290ed47a12ce62df56"},
    {file = "pickleshare-0.7.5.tar.gz", hash = "sha256:87683d47965c1da65cdacaf31c8441d12b8044cdec9aca500cd78fc2c683afca"},
]
pluggy = [
    {file = "pluggy-0.13.1-py2.py3-none-any.whl", hash = "sha256:966c145cd83c96502c3c3868f50408687b38434af77734af1e9ca461a4081d2d"},
    {file = "pluggy-0.13.1.tar.gz", hash = "sha256:15b2acde666561e1298d71b523007ed7364de07029219b604cf808bfa1c765b0"},
]
prompt-toolkit = [
    {file = "prompt_toolkit-3.0.3-py3-none-any.whl", hash = "sha256:c93e53af97f630f12f5f62a3274e79527936ed466f038953dfa379d4941f651a"},
    {file = "prompt_toolkit-3.0.3.tar.gz", hash = "sha256:a402e9bf468b63314e37460b68ba68243d55b2f8c4d0192f85a019af3945050e"},
]
ptyprocess = [
    {file = "ptyprocess-0.6.0-py2.py3-none-any.whl", hash = "sha256:d7cc528d76e76342423ca640335bd3633420dc1366f258cb31d05e865ef5ca1f"},
    {file = "ptyprocess-0.6.0.tar.gz", hash = "sha256:923f299cc5ad920c68f2bc0bc98b75b9f838b93b599941a6b63ddbc2476394c0"},
]
py = [
    {file = "py-1.9.0-py2.py3-none-any.whl", hash = "sha256:366389d1db726cd2fcfc79732e75410e5fe4d31db13692115529d34069a043c2"},
    {file = "py-1.9.0.tar.gz", hash = "sha256:9ca6883ce56b4e8da7e79ac18787889fa5206c79dcc67fb065376cd2fe03f342"},
]
pygments = [
    {file = "Pygments-2.7.0-py3-none-any.whl", hash = "sha256:2df50d16b45b977217e02cba6c8422aaddb859f3d0570a88e09b00eafae89c6e"},
    {file = "Pygments-2.7.0.tar.gz", hash = "sha256:2594e8fdb06fef91552f86f4fd3a244d148ab24b66042036e64f29a291515048"},
]
pyparsing = [
    {file = "pyparsing-2.4.7-py2.py3-none-any.whl", hash = "sha256:ef9d7589ef3c200abe66653d3f1ab1033c3c419ae9b9bdb1240a85b024efc88b"},
    {file = "pyparsing-2.4.7.tar.gz", hash = "sha256:c203ec8783bf771a155b207279b9bccb8dea02d8f0c9e5f8ead507bc3246ecc1"},
]
pyreadline = [
    {file = "pyreadline-2.1.win-amd64.exe", hash = "sha256:9ce5fa65b8992dfa373bddc5b6e0864ead8f291c94fbfec05fbd5c836162e67b"},
    {file = "pyreadline-2.1.win32.exe", hash = "sha256:65540c21bfe14405a3a77e4c085ecfce88724743a4ead47c66b84defcf82c32e"},
    {file = "pyreadline-2.1.zip", hash = "sha256:4530592fc2e85b25b1a9f79664433da09237c1a270e4d78ea5aa3a2c7229e2d1"},
]
pyrepl = [
    {file = "pyrepl-0.9.0.tar.gz", hash = "sha256:292570f34b5502e871bbb966d639474f2b57fbfcd3373c2d6a2f3d56e681a775"},
]
pytest = [
    {file = "pytest-6.0.2-py3-none-any.whl", hash = "sha256:0e37f61339c4578776e090c3b8f6b16ce4db333889d65d0efb305243ec544b40"},
    {file = "pytest-6.0.2.tar.gz", hash = "sha256:c8f57c2a30983f469bf03e68cdfa74dc474ce56b8f280ddcb080dfd91df01043"},
]
regex = [
    {file = "regex-2020.7.14-cp27-cp27m-win32.whl", hash = "sha256:e46d13f38cfcbb79bfdb2964b0fe12561fe633caf964a77a5f8d4e45fe5d2ef7"},
    {file = "regex-2020.7.14-cp27-cp27m-win_amd64.whl", hash = "sha256:6961548bba529cac7c07af2fd4d527c5b91bb8fe18995fed6044ac22b3d14644"},
    {file = "regex-2020.7.14-cp36-cp36m-manylinux1_i686.whl", hash = "sha256:c50a724d136ec10d920661f1442e4a8b010a4fe5aebd65e0c2241ea41dbe93dc"},
    {file = "regex-2020.7.14-cp36-cp36m-manylinux1_x86_64.whl", hash = "sha256:8a51f2c6d1f884e98846a0a9021ff6861bdb98457879f412fdc2b42d14494067"},
    {file = "regex-2020.7.14-cp36-cp36m-manylinux2010_i686.whl", hash = "sha256:9c568495e35599625f7b999774e29e8d6b01a6fb684d77dee1f56d41b11b40cd"},
    {file = "regex-2020.7.14-cp36-cp36m-manylinux2010_x86_64.whl", hash = "sha256:51178c738d559a2d1071ce0b0f56e57eb315bcf8f7d4cf127674b533e3101f88"},
    {file = "regex-2020.7.14-cp36-cp36m-win32.whl", hash = "sha256:9eddaafb3c48e0900690c1727fba226c4804b8e6127ea409689c3bb492d06de4"},
    {file = "regex-2020.7.14-cp36-cp36m-win_amd64.whl", hash = "sha256:14a53646369157baa0499513f96091eb70382eb50b2c82393d17d7ec81b7b85f"},
    {file = "regex-2020.7.14-cp37-cp37m-manylinux1_i686.whl", hash = "sha256:1269fef3167bb52631ad4fa7dd27bf635d5a0790b8e6222065d42e91bede4162"},
    {file = "regex-2020.7.14-cp37-cp37m-manylinux1_x86_64.whl", hash = "sha256:d0a5095d52b90ff38592bbdc2644f17c6d495762edf47d876049cfd2968fbccf"},
    {file = "regex-2020.7.14-cp37-cp37m-manylinux2010_i686.whl", hash = "sha256:4c037fd14c5f4e308b8370b447b469ca10e69427966527edcab07f52d88388f7"},
    {file = "regex-2020.7.14-cp37-cp37m-manylinux2010_x86_64.whl", hash = "sha256:bc3d98f621898b4a9bc7fecc00513eec8f40b5b83913d74ccb445f037d58cd89"},
    {file = "regex-2020.7.14-cp37-cp37m-win32.whl", hash = "sha256:46bac5ca10fb748d6c55843a931855e2727a7a22584f302dd9bb1506e69f83f6"},
    {file = "regex-2020.7.14-cp37-cp37m-win_amd64.whl", hash = "sha256:0dc64ee3f33cd7899f79a8d788abfbec168410be356ed9bd30bbd3f0a23a7204"},
    {file = "regex-2020.7.14-cp38-cp38-manylinux1_i686.whl", hash = "sha256:5ea81ea3dbd6767873c611687141ec7b06ed8bab43f68fad5b7be184a920dc99"},
    {file = "regex-2020.7.14-cp38-cp38-manylinux1_x86_64.whl", hash = "sha256:bbb332d45b32df41200380fff14712cb6093b61bd142272a10b16778c418e98e"},
    {file = "regex-2020.7.14-cp38-cp38-manylinux2010_i686.whl", hash = "sha256:c11d6033115dc4887c456565303f540c44197f4fc1a2bfb192224a301534888e"},
    {file = "regex-2020.7.14-cp38-cp38-manylinux2010_x86_64.whl", hash = "sha256:75aaa27aa521a182824d89e5ab0a1d16ca207318a6b65042b046053cfc8ed07a"},
    {file = "regex-2020.7.14-cp38-cp38-win32.whl", hash = "sha256:d6cff2276e502b86a25fd10c2a96973fdb45c7a977dca2138d661417f3728341"},
    {file = "regex-2020.7.14-cp38-cp38-win_amd64.whl", hash = "sha256:7a2dd66d2d4df34fa82c9dc85657c5e019b87932019947faece7983f2089a840"},
    {file = "regex-2020.7.14.tar.gz", hash = "sha256:3a3af27a8d23143c49a3420efe5b3f8cf1a48c6fc8bc6856b03f638abc1833bb"},
]
six = [
    {file = "six-1.15.0-py2.py3-none-any.whl", hash = "sha256:8b74bedcbbbaca38ff6d7491d76f2b06b3592611af620f8426e82dddb04a5ced"},
    {file = "six-1.15.0.tar.gz", hash = "sha256:30639c035cdb23534cd4aa2dd52c3bf48f06e5f4a941509c8bafd8ce11080259"},
]
toml = [
    {file = "toml-0.10.1-py2.py3-none-any.whl", hash = "sha256:bda89d5935c2eac546d648028b9901107a595863cb36bae0c73ac804a9b4ce88"},
    {file = "toml-0.10.1.tar.gz", hash = "sha256:926b612be1e5ce0634a2ca03470f95169cf16f939018233a670519cb4ac58b0f"},
]
traitlets = [
    {file = "traitlets-4.3.3-py2.py3-none-any.whl", hash = "sha256:70b4c6a1d9019d7b4f6846832288f86998aa3b9207c6821f3578a6a6a467fe44"},
    {file = "traitlets-4.3.3.tar.gz", hash = "sha256:d023ee369ddd2763310e4c3eae1ff649689440d4ae59d7485eb4cfbbe3e359f7"},
]
typed-ast = [
    {file = "typed_ast-1.4.1-cp35-cp35m-manylinux1_i686.whl", hash = "sha256:73d785a950fc82dd2a25897d525d003f6378d1cb23ab305578394694202a58c3"},
    {file = "typed_ast-1.4.1-cp35-cp35m-manylinux1_x86_64.whl", hash = "sha256:aaee9905aee35ba5905cfb3c62f3e83b3bec7b39413f0a7f19be4e547ea01ebb"},
    {file = "typed_ast-1.4.1-cp35-cp35m-win32.whl", hash = "sha256:0c2c07682d61a629b68433afb159376e24e5b2fd4641d35424e462169c0a7919"},
    {file = "typed_ast-1.4.1-cp35-cp35m-win_amd64.whl", hash = "sha256:4083861b0aa07990b619bd7ddc365eb7fa4b817e99cf5f8d9cf21a42780f6e01"},
    {file = "typed_ast-1.4.1-cp36-cp36m-macosx_10_9_x86_64.whl", hash = "sha256:269151951236b0f9a6f04015a9004084a5ab0d5f19b57de779f908621e7d8b75"},
    {file = "typed_ast-1.4.1-cp36-cp36m-manylinux1_i686.whl", hash = "sha256:24995c843eb0ad11a4527b026b4dde3da70e1f2d8806c99b7b4a7cf491612652"},
    {file = "typed_ast-1.4.1-cp36-cp36m-manylinux1_x86_64.whl", hash = "sha256:fe460b922ec15dd205595c9b5b99e2f056fd98ae8f9f56b888e7a17dc2b757e7"},
    {file = "typed_ast-1.4.1-cp36-cp36m-win32.whl", hash = "sha256:4e3e5da80ccbebfff202a67bf900d081906c358ccc3d5e3c8aea42fdfdfd51c1"},
    {file = "typed_ast-1.4.1-cp36-cp36m-win_amd64.whl", hash = "sha256:249862707802d40f7f29f6e1aad8d84b5aa9e44552d2cc17384b209f091276aa"},
    {file = "typed_ast-1.4.1-cp37-cp37m-macosx_10_9_x86_64.whl", hash = "sha256:8ce678dbaf790dbdb3eba24056d5364fb45944f33553dd5869b7580cdbb83614"},
    {file = "typed_ast-1.4.1-cp37-cp37m-manylinux1_i686.whl", hash = "sha256:c9e348e02e4d2b4a8b2eedb48210430658df6951fa484e59de33ff773fbd4b41"},
    {file = "typed_ast-1.4.1-cp37-cp37m-manylinux1_x86_64.whl", hash = "sha256:bcd3b13b56ea479b3650b82cabd6b5343a625b0ced5429e4ccad28a8973f301b"},
    {file = "typed_ast-1.4.1-cp37-cp37m-win32.whl", hash = "sha256:d5d33e9e7af3b34a40dc05f498939f0ebf187f07c385fd58d591c533ad8562fe"},
    {file = "typed_ast-1.4.1-cp37-cp37m-win_amd64.whl", hash = "sha256:0666aa36131496aed8f7be0410ff974562ab7eeac11ef351def9ea6fa28f6355"},
    {file = "typed_ast-1.4.1-cp38-cp38-macosx_10_15_x86_64.whl", hash = "sha256:d205b1b46085271b4e15f670058ce182bd1199e56b317bf2ec004b6a44f911f6"},
    {file = "typed_ast-1.4.1-cp38-cp38-manylinux1_i686.whl", hash = "sha256:6daac9731f172c2a22ade6ed0c00197ee7cc1221aa84cfdf9c31defeb059a907"},
    {file = "typed_ast-1.4.1-cp38-cp38-manylinux1_x86_64.whl", hash = "sha256:498b0f36cc7054c1fead3d7fc59d2150f4d5c6c56ba7fb150c013fbc683a8d2d"},
    {file = "typed_ast-1.4.1-cp38-cp38-win32.whl", hash = "sha256:715ff2f2df46121071622063fc7543d9b1fd19ebfc4f5c8895af64a77a8c852c"},
    {file = "typed_ast-1.4.1-cp38-cp38-win_amd64.whl", hash = "sha256:fc0fea399acb12edbf8a628ba8d2312f583bdbdb3335635db062fa98cf71fca4"},
    {file = "typed_ast-1.4.1-cp39-cp39-macosx_10_15_x86_64.whl", hash = "sha256:d43943ef777f9a1c42bf4e552ba23ac77a6351de620aa9acf64ad54933ad4d34"},
    {file = "typed_ast-1.4.1.tar.gz", hash = "sha256:8c8aaad94455178e3187ab22c8b01a3837f8ee50e09cf31f1ba129eb293ec30b"},
]
typing-extensions = [
    {file = "typing_extensions-3.7.4.3-py2-none-any.whl", hash = "sha256:dafc7639cde7f1b6e1acc0f457842a83e722ccca8eef5270af2d74792619a89f"},
    {file = "typing_extensions-3.7.4.3-py3-none-any.whl", hash = "sha256:7cb407020f00f7bfc3cb3e7881628838e69d8f3fcab2f64742a5e76b2f841918"},
    {file = "typing_extensions-3.7.4.3.tar.gz", hash = "sha256:99d4073b617d30288f569d3f13d2bd7548c3a7e4c8de87db09a9d29bb3a4a60c"},
]
wcwidth = [
    {file = "wcwidth-0.2.5-py2.py3-none-any.whl", hash = "sha256:beb4802a9cebb9144e99086eff703a642a13d6a0052920003a230f3294bbe784"},
    {file = "wcwidth-0.2.5.tar.gz", hash = "sha256:c4d647b99872929fdb7bdcaa4fbe7f01413ed3d98077df798530e5b04f116c83"},
]
wmctrl = [
    {file = "wmctrl-0.3.tar.gz", hash = "sha256:d806f65ac1554366b6e31d29d7be2e8893996c0acbb2824bbf2b1f49cf628a13"},
]
zipp = [
    {file = "zipp-3.1.0-py3-none-any.whl", hash = "sha256:aa36550ff0c0b7ef7fa639055d797116ee891440eac1a56f378e2d3179e0320b"},
    {file = "zipp-3.1.0.tar.gz", hash = "sha256:c599e4d75c98f6798c509911d08a22e6c021d074469042177c8c86fb92eefd96"},
]
